{
  "name": "epuesta",
  "version": "1.0.0",
  "lockfileVersion": 1,
  "requires": true,
  "dependencies": {
    "@ensdomains/buffer": {
      "version": "0.0.10",
      "resolved": "https://registry.npmjs.org/@ensdomains/buffer/-/buffer-0.0.10.tgz",
      "integrity": "sha512-EOFqiWnN36EyyBAgHFTsabFcFICUALt41SiDm/4pAw4V36R4lD4wHcnZcqCYki9m1fMaeWGHrdqxmrMa8iiSTQ=="
    },
    "bignumber.js": {
      "version": "9.0.0",
      "resolved": "https://registry.npmjs.org/bignumber.js/-/bignumber.js-9.0.0.tgz",
      "integrity": "sha512-t/OYhhJ2SD+YGBQcjY8GzzDHEk9f3nerxjtfa6tlMXfe7frs/WozhvCNoGvpM0P3bNf3Gq5ZRMlGr5f3r4/N8A=="
    },
    "cbor": {
      "version": "4.3.0",
      "resolved": "https://registry.npmjs.org/cbor/-/cbor-4.3.0.tgz",
      "integrity": "sha512-CvzaxQlaJVa88sdtTWvLJ++MbdtPHtZOBBNjm7h3YKUHILMs9nQyD4AC6hvFZy7GBVB3I6bRibJcxeHydyT2IQ==",
      "requires": {
        "bignumber.js": "^9.0.0",
        "commander": "^3.0.0",
        "json-text-sequence": "^0.1",
        "nofilter": "^1.0.3"
      }
    },
    "commander": {
      "version": "3.0.1",
      "resolved": "https://registry.npmjs.org/commander/-/commander-3.0.1.tgz",
      "integrity": "sha512-UNgvDd+csKdc9GD4zjtkHKQbT8Aspt2jCBqNSPp53vAS0L1tS9sXB2TCEOPHJ7kt9bN/niWkYj8T3RQSoMXdSQ=="
    },
    "delimit-stream": {
      "version": "0.1.0",
      "resolved": "https://registry.npmjs.org/delimit-stream/-/delimit-stream-0.1.0.tgz",
      "integrity": "sha1-m4MZR3wOX4rrPONXrjBfwl6hzSs="
    },
    "json-text-sequence": {
      "version": "0.1.1",
      "resolved": "https://registry.npmjs.org/json-text-sequence/-/json-text-sequence-0.1.1.tgz",
      "integrity": "sha1-py8hfcSvxGKf/1/rME3BvVGi89I=",
      "requires": {
        "delimit-stream": "0.1.0"
      }
    },
    "nofilter": {
      "version": "1.0.3",
      "resolved": "https://registry.npmjs.org/nofilter/-/nofilter-1.0.3.tgz",
      "integrity": "sha512-FlUlqwRK6reQCaFLAhMcF+6VkVG2caYjKQY3YsRDTl4/SEch595Qb3oLjJRDr8dkHAAOVj2pOx3VknfnSgkE5g=="
    },
    "openzeppelin-solidity": {
      "version": "2.3.0",
      "resolved": "https://registry.npmjs.org/openzeppelin-solidity/-/openzeppelin-solidity-2.3.0.tgz",
      "integrity": "sha512-QYeiPLvB1oSbDt6lDQvvpx7k8ODczvE474hb2kLXZBPKMsxKT1WxTCHBYrCU7kS7hfAku4DcJ0jqOyL+jvjwQw=="
    },
    "solidity-cborutils": {
      "version": "1.0.5",
      "resolved": "https://registry.npmjs.org/solidity-cborutils/-/solidity-cborutils-1.0.5.tgz",
      "integrity": "sha512-SHwp1Un9s6Ki8rXMod18w/6VAqzuBor61SqPS6uy7s1fPDx1rUwnhcx3zWK8CfA0Pm7UY31Apy9NOBu/Vo4ZMg==",
      "requires": {
        "@ensdomains/buffer": "0.0.10",
        "cbor": ">=4.0.0"
      }
    }
  }
}
